{
  "version": 1,
  "dependencies": {
    "net8.0-windows10.0.19041": {
      "Google.Protobuf": {
        "type": "Direct",
        "requested": "[3.28.3, )",
        "resolved": "3.28.3",
        "contentHash": "OewySX3aQCdKfMJsj2DzBMXQJPI+lm0CBzamU9ViFu3CU9tXYrQWqJ1CZ+/UWtkwOjUeIzbXmoOjRc7B8pbMrA=="
      },
      "Grpc.Tools": {
        "type": "Direct",
        "requested": "[2.66.0, )",
        "resolved": "2.66.0",
        "contentHash": "URTltx2E0aTGQqVW+H09AZiGR/qyQ3naHPymSG1/Ytgm8bPdjSltnsIFanbxb7rXxdYwGzLFGy82R82M1UktXg=="
      },
      "Microsoft.NET.ILLink.Tasks": {
        "type": "Direct",
        "requested": "[8.0.30, )",
        "resolved": "8.0.30",
        "contentHash": "SfmwuZjUPBTEoBMAsXZ/hWkaEK9oL+Y/UtAx7N6RyWHfcMt9J0ExrNPuOgTyPbCXIyiTBFsxFNrPLEZNPmJcvA=="
      },
      "WPF-UI": {
        "type": "Direct",
        "requested": "[3.0.5, )",
        "resolved": "3.0.5",
        "contentHash": "vha596eFVZ0j/zjpPrYxqaBNZzr17ROOihQ/xqgTVPMx5cmHAVKPulbaUmHKXo0QHGkqvwaPNxYH/HTS/UroTQ=="
      }
    },
    "net8.0-windows10.0.19041/win-x64": {}
  }
}